
Microsoft Visual Studio Solution File, Format Version 12.00
# Visual Studio Version 17
VisualStudioVersion = 17.2.32210.308
MinimumVisualStudioVersion = 10.0.40219.1
Project("{9A19103F-16F7-4668-BE54-9A1E7A4F7556}") = "AnimalCountingDatabase.Api", "AnimalCountingDatabase.Api\AnimalCountingDatabase.Api.csproj", "{E554ADC2-670D-4191-AEF8-4E20DDE24B30}"
EndProject
Project("{FAE04EC0-301F-11D3-BF4B-00C04F79EFBC}") = "AnimalCountingDatabase.Tests", "AnimalCountingDatabase.Tests\AnimalCountingDatabase.Tests.csproj", "{61148E40-974D-4C22-A00A-FBAFB12277A0}"
EndProject
Global
	GlobalSection(SolutionConfigurationPlatforms) = preSolution
		Debug|Any CPU = Debug|Any CPU
		Release|Any CPU = Release|Any CPU
	EndGlobalSection
	GlobalSection(ProjectConfigurationPlatforms) = postSolution
		{E554ADC2-670D-4191-AEF8-4E20DDE24B30}.Debug|Any CPU.ActiveCfg = Debug|Any CPU
		{E554ADC2-670D-4191-AEF8-4E20DDE24B30}.Debug|Any CPU.Build.0 = Debug|Any CPU
		{E554ADC2-670D-4191-AEF8-4E20DDE24B30}.Release|Any CPU.ActiveCfg = Release|Any CPU
		{E554ADC2-670D-4191-AEF8-4E20DDE24B30}.Release|Any CPU.Build.0 = Release|Any CPU
		{61148E40-974D-4C22-A00A-FBAFB12277A0}.Debug|Any CPU.ActiveCfg = Debug|Any CPU
		{61148E40-974D-4C22-A00A-FBAFB12277A0}.Debug|Any CPU.Build.0 = Debug|Any CPU
		{61148E40-974D-4C22-A00A-FBAFB12277A0}.Release|Any CPU.ActiveCfg = Release|Any CPU
		{61148E40-974D-4C22-A00A-FBAFB12277A0}.Release|Any CPU.Build.0 = Release|Any CPU
	EndGlobalSection
	GlobalSection(SolutionProperties) = preSolution
		HideSolutionNode = FALSE
	EndGlobalSection
	GlobalSection(ExtensibilityGlobals) = postSolution
		SolutionGuid = {C6D90F96-8290-404A-8D79-37354C7F1BD6}
	EndGlobalSection
EndGlobal
